
Microsoft Visual Studio Solution File, Format Version 12.00
# Visual Studio Version 17
VisualStudioVersion = 17.1.32319.34
MinimumVisualStudioVersion = 10.0.40219.1
Project("{FAE04EC0-301F-11D3-BF4B-00C04F79EFBC}") = "system_infuture", "system_infuture.csproj", "{C88082DF-9502-481E-9276-F81911D4A78E}"
EndProject
Global
	GlobalSection(SolutionConfigurationPlatforms) = preSolution
		Debug|Any CPU = Debug|Any CPU
		Release|Any CPU = Release|Any CPU
	EndGlobalSection
	GlobalSection(ProjectConfigurationPlatforms) = postSolution
		{C88082DF-9502-481E-9276-F81911D4A78E}.Debug|Any CPU.ActiveCfg = Debug|Any CPU
		{C88082DF-9502-481E-9276-F81911D4A78E}.Debug|Any CPU.Build.0 = Debug|Any CPU
		{C88082DF-9502-481E-9276-F81911D4A78E}.Release|Any CPU.ActiveCfg = Release|Any CPU
		{C88082DF-9502-481E-9276-F81911D4A78E}.Release|Any CPU.Build.0 = Release|Any CPU
	EndGlobalSection
	GlobalSection(SolutionProperties) = preSolution
		HideSolutionNode = FALSE
	EndGlobalSection
	GlobalSection(ExtensibilityGlobals) = postSolution
		SolutionGuid = {C98ED7DF-F80B-495A-9284-8EE99325E3CC}
	EndGlobalSection
EndGlobal
